// !$*UTF8*$!
{
	archiveVersion = 1;
	classes = {
	};
	objectVersion = 77;
	objects = {

/* Begin PBXBuildFile section */
		07BCA8C89CC625096BFEDA13 /* ChatPagination.swift in Sources */ = {isa = PBXBuildFile; fileRef = 634C57B56575928FEA983555 /* ChatPagination.swift */; };
		0851E0DF548219FC5AA85EAF /* ChatView.swift in Sources */ = {isa = PBXBuildFile; fileRef = B01CAC1AC0DCFE51B50D66E5 /* ChatView.swift */; };
		0EFE0C9CD038035DBDD9A9B3 /* Channel.swift in Sources */ = {isa = PBXBuildFile; fileRef = 466B5533CDA618DAE87541EF /* Channel.swift */; };
		10757CE95A58C7C35FDA6122 /* ReelEditorView.swift in Sources */ = {isa = PBXBuildFile; fileRef = 3F2C9A69156DF26B53EDB1C6 /* ReelEditorView.swift */; };
		123514F1AF59D2FF7DE8450F /* MicButton.swift in Sources */ = {isa = PBXBuildFile; fileRef = 3F5BA382DB636BDDEFC46235 /* MicButton.swift */; };
		168179FD3504BFE01EF96F9B /* Presence.swift in Sources */ = {isa = PBXBuildFile; fileRef = B19949C9D327B6062BBEEDF0 /* Presence.swift */; };
		16D43CB1B0A61BA5273A0289 /* FirestoreService.swift in Sources */ = {isa = PBXBuildFile; fileRef = C95C64B09B0FD6CD4C822EFF /* FirestoreService.swift */; };
		18A0C0CE5BB242A2D7DA97E7 /* AppNotification.swift in Sources */ = {isa = PBXBuildFile; fileRef = 4AA482E94E6FADF69052A2CB /* AppNotification.swift */; };
		1CAF88F53D8E141A28DE0857 /* OwnerTabView.swift in Sources */ = {isa = PBXBuildFile; fileRef = FCB5399961D1B4BB73889D26 /* OwnerTabView.swift */; };
		1E54B0C78BED35091B856A97 /* AuthService.swift in Sources */ = {isa = PBXBuildFile; fileRef = A58536617D0385FF7734F176 /* AuthService.swift */; };
		1EC4433454BFBD929049B1E2 /* AskEmmaView.swift in Sources */ = {isa = PBXBuildFile; fileRef = 3D44F76C5A2172EDD778D55F /* AskEmmaView.swift */; };
		2D7797AE2372091D94CD291D /* MessageBubbleView.swift in Sources */ = {isa = PBXBuildFile; fileRef = 71B63D362C774253E6EA77BE /* MessageBubbleView.swift */; };
		2E4A9B3A0875BB52D76782B9 /* MobileCommanderApp.swift in Sources */ = {isa = PBXBuildFile; fileRef = F5A960B6DBF40C36DF2CD5AC /* MobileCommanderApp.swift */; };
		30B6BF012D8D0EB6C9EDA113 /* Worker.swift in Sources */ = {isa = PBXBuildFile; fileRef = 62CE21C127D8B0CBA0629C76 /* Worker.swift */; };
		333BCB1C27CB5937DDFB3553 /* VoiceTranscriber.swift in Sources */ = {isa = PBXBuildFile; fileRef = 803F15849AA0AEB833140A96 /* VoiceTranscriber.swift */; };
		34CEEF85C905BD9D3811CD14 /* ChatComposerView.swift in Sources */ = {isa = PBXBuildFile; fileRef = 9FD3CE5B31526DB84EA2B548 /* ChatComposerView.swift */; };
		35D5E43F1DA53EBECC6A84E5 /* FirebaseFirestore in Frameworks */ = {isa = PBXBuildFile; productRef = AB23456EB3674E91E5161D12 /* FirebaseFirestore */; };
		36FE93B2ABAEC286E43B3681 /* GoogleSignIn in Frameworks */ = {isa = PBXBuildFile; productRef = 43FE8E00FC6D343BA25B5A66 /* GoogleSignIn */; };
		3F39F5EBF1759B2D1D74C1DF /* VoiceInputButton.swift in Sources */ = {isa = PBXBuildFile; fileRef = B33564207E7BD5526689ADD0 /* VoiceInputButton.swift */; };
		3FB85740FDF0FC17744833D0 /* NotificationService.swift in Sources */ = {isa = PBXBuildFile; fileRef = 15AA9CFBB8A92904A0D4ECD5 /* NotificationService.swift */; };
		42E88099A35F6A74C17543A0 /* FirebaseStorage in Frameworks */ = {isa = PBXBuildFile; productRef = 5878561A43406C06A26413C2 /* FirebaseStorage */; };
		43A1406DF5DF27E2B7008303 /* FirebaseAuth in Frameworks */ = {isa = PBXBuildFile; productRef = 7B6F4A6D359B044ED82C055A /* FirebaseAuth */; };
		478CB0FCB2E4A8A8F73EFB80 /* DeveloperTabView.swift in Sources */ = {isa = PBXBuildFile; fileRef = 7E2D099B5A5F0E142DA7E3EA /* DeveloperTabView.swift */; };
		479C3D1C385DAC5E2310A135 /* SpeechRecognitionServiceTests.swift in Sources */ = {isa = PBXBuildFile; fileRef = 47BECD0A2F1949088E23D990 /* SpeechRecognitionServiceTests.swift */; };
		490D582889EA0138F34E4F65 /* AllowedUser.swift in Sources */ = {isa = PBXBuildFile; fileRef = 8982BA295B91E50C0E4F341C /* AllowedUser.swift */; };
		55E914A66D86384710B7EE1A /* PresenceTests.swift in Sources */ = {isa = PBXBuildFile; fileRef = CE74CCC71E8406A9BCE1EBFE /* PresenceTests.swift */; };
		5820C8F8D4C136B9CF50F3DA /* AssignedVideo.swift in Sources */ = {isa = PBXBuildFile; fileRef = 4C1980CB29E124CEDE94CF56 /* AssignedVideo.swift */; };
		592A0C66C8E5D40D7F69F332 /* VideosView.swift in Sources */ = {isa = PBXBuildFile; fileRef = 2F1BC0414B9EC9FE047A8AE7 /* VideosView.swift */; };
		648FF4F950395D8709CEBCF3 /* DashboardView.swift in Sources */ = {isa = PBXBuildFile; fileRef = 0DB11B856542D6EB45A86C10 /* DashboardView.swift */; };
		6511EAE2670DE68090EE4139 /* TaskListView.swift in Sources */ = {isa = PBXBuildFile; fileRef = BB596265733DE9F91A8E46AE /* TaskListView.swift */; };
		68A6DC81E2933D7B9A46CF17 /* OwnerRequestView.swift in Sources */ = {isa = PBXBuildFile; fileRef = 429C44E0037C948917C776C1 /* OwnerRequestView.swift */; };
		6A2CA38420C310E87557F56E /* TaskDetailView.swift in Sources */ = {isa = PBXBuildFile; fileRef = 24300106A0235189A0CC811B /* TaskDetailView.swift */; };
		6AB5AF09F880BCC9343D7CE4 /* SettingsView.swift in Sources */ = {isa = PBXBuildFile; fileRef = 2838DD355391ACBF64F0A85D /* SettingsView.swift */; };
		6C3AE16C094D5C84D6857E0D /* UserAccount.swift in Sources */ = {isa = PBXBuildFile; fileRef = C838B1AA4508B05B974B7C30 /* UserAccount.swift */; };
		72271861525F951AD3D8C20F /* ReportsView.swift in Sources */ = {isa = PBXBuildFile; fileRef = 1E9A1252569E280218AE528A /* ReportsView.swift */; };
		78C2BC4D0CFCEC5C8D85F09E /* VideoService.swift in Sources */ = {isa = PBXBuildFile; fileRef = C174C727A828D616491518C1 /* VideoService.swift */; };
		7E5CD74CBE0AD9B172CD5FD2 /* SpeechRecognitionService.swift in Sources */ = {isa = PBXBuildFile; fileRef = E71341C368CEADCCFE3A2310 /* SpeechRecognitionService.swift */; };
		7F2F4B9D5E5F69463159D171 /* MentionAutocompleteView.swift in Sources */ = {isa = PBXBuildFile; fileRef = 70C9190DD3288483A1C8431B /* MentionAutocompleteView.swift */; };
		8240B000A65C4EE70F9A0C2C /* PresenceModels.swift in Sources */ = {isa = PBXBuildFile; fileRef = 04F5C36771C11A3914D8E066 /* PresenceModels.swift */; };
		84E4E606CB3C105C4B86C19F /* VideoFeedView.swift in Sources */ = {isa = PBXBuildFile; fileRef = 6732BFF9392E87268330E337 /* VideoFeedView.swift */; };
		851552C32CFDB516DD46F9AE /* NewChannelSheet.swift in Sources */ = {isa = PBXBuildFile; fileRef = 5E10E706E56CF2DCEAA20C1A /* NewChannelSheet.swift */; };
		86D7DD4EF91EB406122FDDBF /* TaskTextHelper.swift in Sources */ = {isa = PBXBuildFile; fileRef = 34F5E34EE965EDD7E40F7CC2 /* TaskTextHelper.swift */; };
		877B131ABEF7155DBA05F064 /* CreateTaskView.swift in Sources */ = {isa = PBXBuildFile; fileRef = 81ADB7F04AD144EB3FF98D82 /* CreateTaskView.swift */; };
		90A1E27820C011CC4FDBB8B7 /* GoogleSignInSwift in Frameworks */ = {isa = PBXBuildFile; productRef = 8AFC93A31577FAFF6225C9CA /* GoogleSignInSwift */; };
		92E7E5426B90EC57DAE44185 /* Assets.xcassets in Resources */ = {isa = PBXBuildFile; fileRef = 0A7809AA71F47C8B7C15CC08 /* Assets.xcassets */; };
		95A43C9BC9C29C67DCEEFC92 /* DesignSystem.swift in Sources */ = {isa = PBXBuildFile; fileRef = 4C7F05FAE32EF64B4BC67C3F /* DesignSystem.swift */; };
		9674E937D3D672236E905B81 /* TestConfig.swift in Sources */ = {isa = PBXBuildFile; fileRef = 7D360CC57BCCE6F73C6611B6 /* TestConfig.swift */; };
		9848556BEA38192F59464B70 /* OwnerHomeView.swift in Sources */ = {isa = PBXBuildFile; fileRef = 01F71C261EE85889C087FD94 /* OwnerHomeView.swift */; };
		98FAD93EA42D780ACC35C84F /* SpeechVoiceTranscriber.swift in Sources */ = {isa = PBXBuildFile; fileRef = 8B28B14EB1F428977392AB46 /* SpeechVoiceTranscriber.swift */; };
		992AB213B3022EC68E063BF3 /* AppDelegate.swift in Sources */ = {isa = PBXBuildFile; fileRef = A27F1173FE1DD9EFD49A6E1C /* AppDelegate.swift */; };
		9ABBF7D5D8C07B543B85EF43 /* VideosUITests.swift in Sources */ = {isa = PBXBuildFile; fileRef = 939D91E5408BE60D0DD07C0F /* VideosUITests.swift */; };
		9C6FD92F6ABFDA4FBF5DBFA8 /* WorkersView.swift in Sources */ = {isa = PBXBuildFile; fileRef = 0FD25D1286ED63727B1D6D1A /* WorkersView.swift */; };
		A280FFBA652EC89B12FD479E /* ChatService.swift in Sources */ = {isa = PBXBuildFile; fileRef = E98349D61D0B8C8F760113B0 /* ChatService.swift */; };
		A7AE114261AC579849910ABA /* AppMode.swift in Sources */ = {isa = PBXBuildFile; fileRef = EAD75F006B9819FDCB8065D7 /* AppMode.swift */; };
		A8A9205635E65FA97651054C /* PresenceService.swift in Sources */ = {isa = PBXBuildFile; fileRef = A45E3CF0A7E56DC2F0EA1883 /* PresenceService.swift */; };
		AC2D84777B6497814F7E5242 /* VideoTests.swift in Sources */ = {isa = PBXBuildFile; fileRef = 1FAF186111B6A31409657C63 /* VideoTests.swift */; };
		AC338A155DA6CD06577564C0 /* AvatarView.swift in Sources */ = {isa = PBXBuildFile; fileRef = 86AF5412817C64A3A082A72D /* AvatarView.swift */; };
		BC7B9953744ED97CE82C0C7A /* ModeSwitcher.swift in Sources */ = {isa = PBXBuildFile; fileRef = 0F8C1BB0260751C7A0D5A5D1 /* ModeSwitcher.swift */; };
		C2B3D80FCF26ACD2E0BFEF4C /* SignInUITests.swift in Sources */ = {isa = PBXBuildFile; fileRef = A4F5C3C386D05351E9EF308A /* SignInUITests.swift */; };
		C768436FF97FFD66D70777BD /* Access.swift in Sources */ = {isa = PBXBuildFile; fileRef = BF5DA4D48024E07C8D6E1122 /* Access.swift */; };
		CFFA2D2A747B361AC38BFC3D /* LoginView.swift in Sources */ = {isa = PBXBuildFile; fileRef = BE92C9AA042B981A92E1F41A /* LoginView.swift */; };
		DB4363148D3900EEFAA0DB0C /* ProjectDetailView.swift in Sources */ = {isa = PBXBuildFile; fileRef = 7ACBA1195835D92F2EB091A5 /* ProjectDetailView.swift */; };
		DE0AFC288E9246EF3552E999 /* ReelPlayerView.swift in Sources */ = {isa = PBXBuildFile; fileRef = 1495690D41AED3DE18CFB6BB /* ReelPlayerView.swift */; };
		E1806821C268311FAFF3124C /* ChatUITests.swift in Sources */ = {isa = PBXBuildFile; fileRef = 4ED5C958A5C01CB45929F160 /* ChatUITests.swift */; };
		E311EE63FFA165E548EDBBEC /* SpeechService.swift in Sources */ = {isa = PBXBuildFile; fileRef = 0D2C4E686452B36CB8FBDC68 /* SpeechService.swift */; };
		E461BE853D381D6D399CECA4 /* NotificationBell.swift in Sources */ = {isa = PBXBuildFile; fileRef = 308A8B6DCACA137B7F76E423 /* NotificationBell.swift */; };
		EBD1458C57972C41EDC9D86D /* OwnerStatusView.swift in Sources */ = {isa = PBXBuildFile; fileRef = F71AFA68039AC55C915CF09F /* OwnerStatusView.swift */; };
		EE979AD760821BB595699544 /* PushService.swift in Sources */ = {isa = PBXBuildFile; fileRef = 8103367E7990884E6FF58408 /* PushService.swift */; };
		EF07F307F2AF847A1FF687D5 /* StorageService.swift in Sources */ = {isa = PBXBuildFile; fileRef = 646C45799112F5E05BBD5CAD /* StorageService.swift */; };
		F6907302C350BADEA264CD61 /* ChatPaginationTests.swift in Sources */ = {isa = PBXBuildFile; fileRef = D978EE162A42A4F0B2A5EB93 /* ChatPaginationTests.swift */; };
		F7FEE266AFA86EF39D63B6EA /* Task.swift in Sources */ = {isa = PBXBuildFile; fileRef = 63F83E0B17B9ADE9231A7B26 /* Task.swift */; };
		F9287FCD5AE0101B70AC6399 /* RootTabView.swift in Sources */ = {isa = PBXBuildFile; fileRef = CEDCD4D7F25722D64FA527B0 /* RootTabView.swift */; };
		FC6D7DEBCAFD222E20926F17 /* AccessTests.swift in Sources */ = {isa = PBXBuildFile; fileRef = C2EEA4D4B1516D417164E908 /* AccessTests.swift */; };
		FE0130D64E517F2B2734E9EB /* GoogleService-Info.plist in Resources */ = {isa = PBXBuildFile; fileRef = DA0A87C3BCF9883A3F744F1A /* GoogleService-Info.plist */; };
		FF9F0A60CE0D10FA007B9844 /* FirebaseMessaging in Frameworks */ = {isa = PBXBuildFile; productRef = DE1C398B11E83EAAAE087023 /* FirebaseMessaging */; };
/* End PBXBuildFile section */

/* Begin PBXContainerItemProxy section */
		4CBC38FC4C5E57EF83263531 /* PBXContainerItemProxy */ = {
			isa = PBXContainerItemProxy;
			containerPortal = 4B6059D814F1BFACA7E8D8C6 /* Project object */;
			proxyType = 1;
			remoteGlobalIDString = 51610DCF6D4DF6855CAAEA93;
			remoteInfo = MobileCommander;
		};
		4EC0F1471EDFD45D6C786CC3 /* PBXContainerItemProxy */ = {
			isa = PBXContainerItemProxy;
			containerPortal = 4B6059D814F1BFACA7E8D8C6 /* Project object */;
			proxyType = 1;
			remoteGlobalIDString = 51610DCF6D4DF6855CAAEA93;
			remoteInfo = MobileCommander;
		};
/* End PBXContainerItemProxy section */

/* Begin PBXFileReference section */
		01F71C261EE85889C087FD94 /* OwnerHomeView.swift */ = {isa = PBXFileReference; lastKnownFileType = sourcecode.swift; path = OwnerHomeView.swift; sourceTree = "<group>"; };
		04F5C36771C11A3914D8E066 /* PresenceModels.swift */ = {isa = PBXFileReference; lastKnownFileType = sourcecode.swift; path = PresenceModels.swift; sourceTree = "<group>"; };
		08270619DFD37905061EE766 /* MobileCommander.app */ = {isa = PBXFileReference; includeInIndex = 0; lastKnownFileType = wrapper.application; path = MobileCommander.app; sourceTree = BUILT_PRODUCTS_DIR; };
		0A7809AA71F47C8B7C15CC08 /* Assets.xcassets */ = {isa = PBXFileReference; lastKnownFileType = folder.assetcatalog; path = Assets.xcassets; sourceTree = "<group>"; };
		0D2C4E686452B36CB8FBDC68 /* SpeechService.swift */ = {isa = PBXFileReference; lastKnownFileType = sourcecode.swift; path = SpeechService.swift; sourceTree = "<group>"; };
		0DB11B856542D6EB45A86C10 /* DashboardView.swift */ = {isa = PBXFileReference; lastKnownFileType = sourcecode.swift; path = DashboardView.swift; sourceTree = "<group>"; };
		0F8C1BB0260751C7A0D5A5D1 /* ModeSwitcher.swift */ = {isa = PBXFileReference; lastKnownFileType = sourcecode.swift; path = ModeSwitcher.swift; sourceTree = "<group>"; };
		0FD25D1286ED63727B1D6D1A /* WorkersView.swift */ = {isa = PBXFileReference; lastKnownFileType = sourcecode.swift; path = WorkersView.swift; sourceTree = "<group>"; };
		1495690D41AED3DE18CFB6BB /* ReelPlayerView.swift */ = {isa = PBXFileReference; lastKnownFileType = sourcecode.swift; path = ReelPlayerView.swift; sourceTree = "<group>"; };
		15AA9CFBB8A92904A0D4ECD5 /* NotificationService.swift */ = {isa = PBXFileReference; lastKnownFileType = sourcecode.swift; path = NotificationService.swift; sourceTree = "<group>"; };
		1E9A1252569E280218AE528A /* ReportsView.swift */ = {isa = PBXFileReference; lastKnownFileType = sourcecode.swift; path = ReportsView.swift; sourceTree = "<group>"; };
		1FAF186111B6A31409657C63 /* VideoTests.swift */ = {isa = PBXFileReference; lastKnownFileType = sourcecode.swift; path = VideoTests.swift; sourceTree = "<group>"; };
		24300106A0235189A0CC811B /* TaskDetailView.swift */ = {isa = PBXFileReference; lastKnownFileType = sourcecode.swift; path = TaskDetailView.swift; sourceTree = "<group>"; };
		2838DD355391ACBF64F0A85D /* SettingsView.swift */ = {isa = PBXFileReference; lastKnownFileType = sourcecode.swift; path = SettingsView.swift; sourceTree = "<group>"; };
		2F1BC0414B9EC9FE047A8AE7 /* VideosView.swift */ = {isa = PBXFileReference; lastKnownFileType = sourcecode.swift; path = VideosView.swift; sourceTree = "<group>"; };
		308A8B6DCACA137B7F76E423 /* NotificationBell.swift */ = {isa = PBXFileReference; lastKnownFileType = sourcecode.swift; path = NotificationBell.swift; sourceTree = "<group>"; };
		34F5E34EE965EDD7E40F7CC2 /* TaskTextHelper.swift */ = {isa = PBXFileReference; lastKnownFileType = sourcecode.swift; path = TaskTextHelper.swift; sourceTree = "<group>"; };
		3D44F76C5A2172EDD778D55F /* AskEmmaView.swift */ = {isa = PBXFileReference; lastKnownFileType = sourcecode.swift; path = AskEmmaView.swift; sourceTree = "<group>"; };
		3F2C9A69156DF26B53EDB1C6 /* ReelEditorView.swift */ = {isa = PBXFileReference; lastKnownFileType = sourcecode.swift; path = ReelEditorView.swift; sourceTree = "<group>"; };
		3F5BA382DB636BDDEFC46235 /* MicButton.swift */ = {isa = PBXFileReference; lastKnownFileType = sourcecode.swift; path = MicButton.swift; sourceTree = "<group>"; };
		429C44E0037C948917C776C1 /* OwnerRequestView.swift */ = {isa = PBXFileReference; lastKnownFileType = sourcecode.swift; path = OwnerRequestView.swift; sourceTree = "<group>"; };
		466B5533CDA618DAE87541EF /* Channel.swift */ = {isa = PBXFileReference; lastKnownFileType = sourcecode.swift; path = Channel.swift; sourceTree = "<group>"; };
		47BECD0A2F1949088E23D990 /* SpeechRecognitionServiceTests.swift */ = {isa = PBXFileReference; lastKnownFileType = sourcecode.swift; path = SpeechRecognitionServiceTests.swift; sourceTree = "<group>"; };
		4AA482E94E6FADF69052A2CB /* AppNotification.swift */ = {isa = PBXFileReference; lastKnownFileType = sourcecode.swift; path = AppNotification.swift; sourceTree = "<group>"; };
		4C1980CB29E124CEDE94CF56 /* AssignedVideo.swift */ = {isa = PBXFileReference; lastKnownFileType = sourcecode.swift; path = AssignedVideo.swift; sourceTree = "<group>"; };
		4C7F05FAE32EF64B4BC67C3F /* DesignSystem.swift */ = {isa = PBXFileReference; lastKnownFileType = sourcecode.swift; path = DesignSystem.swift; sourceTree = "<group>"; };
		4ED5C958A5C01CB45929F160 /* ChatUITests.swift */ = {isa = PBXFileReference; lastKnownFileType = sourcecode.swift; path = ChatUITests.swift; sourceTree = "<group>"; };
		5E10E706E56CF2DCEAA20C1A /* NewChannelSheet.swift */ = {isa = PBXFileReference; lastKnownFileType = sourcecode.swift; path = NewChannelSheet.swift; sourceTree = "<group>"; };
		62CE21C127D8B0CBA0629C76 /* Worker.swift */ = {isa = PBXFileReference; lastKnownFileType = sourcecode.swift; path = Worker.swift; sourceTree = "<group>"; };
		634C57B56575928FEA983555 /* ChatPagination.swift */ = {isa = PBXFileReference; lastKnownFileType = sourcecode.swift; path = ChatPagination.swift; sourceTree = "<group>"; };
		63BE85515FF2875CD683C1B8 /* MobileCommanderUITests.xctest */ = {isa = PBXFileReference; includeInIndex = 0; lastKnownFileType = wrapper.cfbundle; path = MobileCommanderUITests.xctest; sourceTree = BUILT_PRODUCTS_DIR; };
		63F83E0B17B9ADE9231A7B26 /* Task.swift */ = {isa = PBXFileReference; lastKnownFileType = sourcecode.swift; path = Task.swift; sourceTree = "<group>"; };
		646C45799112F5E05BBD5CAD /* StorageService.swift */ = {isa = PBXFileReference; lastKnownFileType = sourcecode.swift; path = StorageService.swift; sourceTree = "<group>"; };
		66698EA5021CF2CBBC9D7F4B /* MobileCommanderTests.xctest */ = {isa = PBXFileReference; includeInIndex = 0; lastKnownFileType = wrapper.cfbundle; path = MobileCommanderTests.xctest; sourceTree = BUILT_PRODUCTS_DIR; };
		6732BFF9392E87268330E337 /* VideoFeedView.swift */ = {isa = PBXFileReference; lastKnownFileType = sourcecode.swift; path = VideoFeedView.swift; sourceTree = "<group>"; };
		70C9190DD3288483A1C8431B /* MentionAutocompleteView.swift */ = {isa = PBXFileReference; lastKnownFileType = sourcecode.swift; path = MentionAutocompleteView.swift; sourceTree = "<group>"; };
		71B63D362C774253E6EA77BE /* MessageBubbleView.swift */ = {isa = PBXFileReference; lastKnownFileType = sourcecode.swift; path = MessageBubbleView.swift; sourceTree = "<group>"; };
		7ACBA1195835D92F2EB091A5 /* ProjectDetailView.swift */ = {isa = PBXFileReference; lastKnownFileType = sourcecode.swift; path = ProjectDetailView.swift; sourceTree = "<group>"; };
		7D360CC57BCCE6F73C6611B6 /* TestConfig.swift */ = {isa = PBXFileReference; lastKnownFileType = sourcecode.swift; path = TestConfig.swift; sourceTree = "<group>"; };
		7E2D099B5A5F0E142DA7E3EA /* DeveloperTabView.swift */ = {isa = PBXFileReference; lastKnownFileType = sourcecode.swift; path = DeveloperTabView.swift; sourceTree = "<group>"; };
		803F15849AA0AEB833140A96 /* VoiceTranscriber.swift */ = {isa = PBXFileReference; lastKnownFileType = sourcecode.swift; path = VoiceTranscriber.swift; sourceTree = "<group>"; };
		8103367E7990884E6FF58408 /* PushService.swift */ = {isa = PBXFileReference; lastKnownFileType = sourcecode.swift; path = PushService.swift; sourceTree = "<group>"; };
		81ADB7F04AD144EB3FF98D82 /* CreateTaskView.swift */ = {isa = PBXFileReference; lastKnownFileType = sourcecode.swift; path = CreateTaskView.swift; sourceTree = "<group>"; };
		86AF5412817C64A3A082A72D /* AvatarView.swift */ = {isa = PBXFileReference; lastKnownFileType = sourcecode.swift; path = AvatarView.swift; sourceTree = "<group>"; };
		8982BA295B91E50C0E4F341C /* AllowedUser.swift */ = {isa = PBXFileReference; lastKnownFileType = sourcecode.swift; path = AllowedUser.swift; sourceTree = "<group>"; };
		8B28B14EB1F428977392AB46 /* SpeechVoiceTranscriber.swift */ = {isa = PBXFileReference; lastKnownFileType = sourcecode.swift; path = SpeechVoiceTranscriber.swift; sourceTree = "<group>"; };
		939D91E5408BE60D0DD07C0F /* VideosUITests.swift */ = {isa = PBXFileReference; lastKnownFileType = sourcecode.swift; path = VideosUITests.swift; sourceTree = "<group>"; };
		9FD3CE5B31526DB84EA2B548 /* ChatComposerView.swift */ = {isa = PBXFileReference; lastKnownFileType = sourcecode.swift; path = ChatComposerView.swift; sourceTree = "<group>"; };
		A27F1173FE1DD9EFD49A6E1C /* AppDelegate.swift */ = {isa = PBXFileReference; lastKnownFileType = sourcecode.swift; path = AppDelegate.swift; sourceTree = "<group>"; };
		A45E3CF0A7E56DC2F0EA1883 /* PresenceService.swift */ = {isa = PBXFileReference; lastKnownFileType = sourcecode.swift; path = PresenceService.swift; sourceTree = "<group>"; };
		A4F5C3C386D05351E9EF308A /* SignInUITests.swift */ = {isa = PBXFileReference; lastKnownFileType = sourcecode.swift; path = SignInUITests.swift; sourceTree = "<group>"; };
		A58536617D0385FF7734F176 /* AuthService.swift */ = {isa = PBXFileReference; lastKnownFileType = sourcecode.swift; path = AuthService.swift; sourceTree = "<group>"; };
		B01CAC1AC0DCFE51B50D66E5 /* ChatView.swift */ = {isa = PBXFileReference; lastKnownFileType = sourcecode.swift; path = ChatView.swift; sourceTree = "<group>"; };
		B19949C9D327B6062BBEEDF0 /* Presence.swift */ = {isa = PBXFileReference; lastKnownFileType = sourcecode.swift; path = Presence.swift; sourceTree = "<group>"; };
		B33564207E7BD5526689ADD0 /* VoiceInputButton.swift */ = {isa = PBXFileReference; lastKnownFileType = sourcecode.swift; path = VoiceInputButton.swift; sourceTree = "<group>"; };
		BB596265733DE9F91A8E46AE /* TaskListView.swift */ = {isa = PBXFileReference; lastKnownFileType = sourcecode.swift; path = TaskListView.swift; sourceTree = "<group>"; };
		BE92C9AA042B981A92E1F41A /* LoginView.swift */ = {isa = PBXFileReference; lastKnownFileType = sourcecode.swift; path = LoginView.swift; sourceTree = "<group>"; };
		BF5DA4D48024E07C8D6E1122 /* Access.swift */ = {isa = PBXFileReference; lastKnownFileType = sourcecode.swift; path = Access.swift; sourceTree = "<group>"; };
		C174C727A828D616491518C1 /* VideoService.swift */ = {isa = PBXFileReference; lastKnownFileType = sourcecode.swift; path = VideoService.swift; sourceTree = "<group>"; };
		C2EEA4D4B1516D417164E908 /* AccessTests.swift */ = {isa = PBXFileReference; lastKnownFileType = sourcecode.swift; path = AccessTests.swift; sourceTree = "<group>"; };
		C838B1AA4508B05B974B7C30 /* UserAccount.swift */ = {isa = PBXFileReference; lastKnownFileType = sourcecode.swift; path = UserAccount.swift; sourceTree = "<group>"; };
		C95C64B09B0FD6CD4C822EFF /* FirestoreService.swift */ = {isa = PBXFileReference; lastKnownFileType = sourcecode.swift; path = FirestoreService.swift; sourceTree = "<group>"; };
		CE74CCC71E8406A9BCE1EBFE /* PresenceTests.swift */ = {isa = PBXFileReference; lastKnownFileType = sourcecode.swift; path = PresenceTests.swift; sourceTree = "<group>"; };
		CEDCD4D7F25722D64FA527B0 /* RootTabView.swift */ = {isa = PBXFileReference; lastKnownFileType = sourcecode.swift; path = RootTabView.swift; sourceTree = "<group>"; };
		D978EE162A42A4F0B2A5EB93 /* ChatPaginationTests.swift */ = {isa = PBXFileReference; lastKnownFileType = sourcecode.swift; path = ChatPaginationTests.swift; sourceTree = "<group>"; };
		DA0A87C3BCF9883A3F744F1A /* GoogleService-Info.plist */ = {isa = PBXFileReference; lastKnownFileType = text.plist; path = "GoogleService-Info.plist"; sourceTree = "<group>"; };
		E71341C368CEADCCFE3A2310 /* SpeechRecognitionService.swift */ = {isa = PBXFileReference; lastKnownFileType = sourcecode.swift; path = SpeechRecognitionService.swift; sourceTree = "<group>"; };
		E98349D61D0B8C8F760113B0 /* ChatService.swift */ = {isa = PBXFileReference; lastKnownFileType = sourcecode.swift; path = ChatService.swift; sourceTree = "<group>"; };
		EAD75F006B9819FDCB8065D7 /* AppMode.swift */ = {isa = PBXFileReference; lastKnownFileType = sourcecode.swift; path = AppMode.swift; sourceTree = "<group>"; };
		F5A960B6DBF40C36DF2CD5AC /* MobileCommanderApp.swift */ = {isa = PBXFileReference; lastKnownFileType = sourcecode.swift; path = MobileCommanderApp.swift; sourceTree = "<group>"; };
		F71AFA68039AC55C915CF09F /* OwnerStatusView.swift */ = {isa = PBXFileReference; lastKnownFileType = sourcecode.swift; path = OwnerStatusView.swift; sourceTree = "<group>"; };
		FCB5399961D1B4BB73889D26 /* OwnerTabView.swift */ = {isa = PBXFileReference; lastKnownFileType = sourcecode.swift; path = OwnerTabView.swift; sourceTree = "<group>"; };
/* End PBXFileReference section */

/* Begin PBXFrameworksBuildPhase section */
		E4807AD4EC45819E83BD3DB7 /* Frameworks */ = {
			isa = PBXFrameworksBuildPhase;
			buildActionMask = 2147483647;
			files = (
				43A1406DF5DF27E2B7008303 /* FirebaseAuth in Frameworks */,
				35D5E43F1DA53EBECC6A84E5 /* FirebaseFirestore in Frameworks */,
				42E88099A35F6A74C17543A0 /* FirebaseStorage in Frameworks */,
				FF9F0A60CE0D10FA007B9844 /* FirebaseMessaging in Frameworks */,
				36FE93B2ABAEC286E43B3681 /* GoogleSignIn in Frameworks */,
				90A1E27820C011CC4FDBB8B7 /* GoogleSignInSwift in Frameworks */,
			);
			runOnlyForDeploymentPostprocessing = 0;
		};
/* End PBXFrameworksBuildPhase section */

/* Begin PBXGroup section */
		02574DA049E27D36569B5502 /* Owner */ = {
			isa = PBXGroup;
			children = (
				01F71C261EE85889C087FD94 /* OwnerHomeView.swift */,
				429C44E0037C948917C776C1 /* OwnerRequestView.swift */,
				F71AFA68039AC55C915CF09F /* OwnerStatusView.swift */,
				FCB5399961D1B4BB73889D26 /* OwnerTabView.swift */,
			);
			path = Owner;
			sourceTree = "<group>";
		};
		105199316A261F7818ABCA33 /* Resources */ = {
			isa = PBXGroup;
			children = (
				0A7809AA71F47C8B7C15CC08 /* Assets.xcassets */,
				DA0A87C3BCF9883A3F744F1A /* GoogleService-Info.plist */,
			);
			path = Resources;
			sourceTree = "<group>";
		};
		1847F402583CAE8F4FE2564C /* Developer */ = {
			isa = PBXGroup;
			children = (
				81ADB7F04AD144EB3FF98D82 /* CreateTaskView.swift */,
				0DB11B856542D6EB45A86C10 /* DashboardView.swift */,
				7E2D099B5A5F0E142DA7E3EA /* DeveloperTabView.swift */,
				7ACBA1195835D92F2EB091A5 /* ProjectDetailView.swift */,
				1E9A1252569E280218AE528A /* ReportsView.swift */,
				2838DD355391ACBF64F0A85D /* SettingsView.swift */,
				24300106A0235189A0CC811B /* TaskDetailView.swift */,
				BB596265733DE9F91A8E46AE /* TaskListView.swift */,
				0FD25D1286ED63727B1D6D1A /* WorkersView.swift */,
			);
			path = Developer;
			sourceTree = "<group>";
		};
		19B5A20AD83BB645C63D2EF8 /* Logic */ = {
			isa = PBXGroup;
			children = (
				BF5DA4D48024E07C8D6E1122 /* Access.swift */,
				634C57B56575928FEA983555 /* ChatPagination.swift */,
				B19949C9D327B6062BBEEDF0 /* Presence.swift */,
			);
			path = Logic;
			sourceTree = "<group>";
		};
		26D89FF1ED411F4AC381CFC2 /* UITests */ = {
			isa = PBXGroup;
			children = (
				4ED5C958A5C01CB45929F160 /* ChatUITests.swift */,
				A4F5C3C386D05351E9EF308A /* SignInUITests.swift */,
				939D91E5408BE60D0DD07C0F /* VideosUITests.swift */,
			);
			name = UITests;
			path = Tests/UITests;
			sourceTree = "<group>";
		};
		3057CD5E730919CDE62E7B50 /* Chat */ = {
			isa = PBXGroup;
			children = (
				3D44F76C5A2172EDD778D55F /* AskEmmaView.swift */,
				9FD3CE5B31526DB84EA2B548 /* ChatComposerView.swift */,
				B01CAC1AC0DCFE51B50D66E5 /* ChatView.swift */,
				70C9190DD3288483A1C8431B /* MentionAutocompleteView.swift */,
				71B63D362C774253E6EA77BE /* MessageBubbleView.swift */,
				3F5BA382DB636BDDEFC46235 /* MicButton.swift */,
				5E10E706E56CF2DCEAA20C1A /* NewChannelSheet.swift */,
			);
			path = Chat;
			sourceTree = "<group>";
		};
		486A15184DED991E0B465DE0 /* Unit */ = {
			isa = PBXGroup;
			children = (
				C2EEA4D4B1516D417164E908 /* AccessTests.swift */,
				D978EE162A42A4F0B2A5EB93 /* ChatPaginationTests.swift */,
				CE74CCC71E8406A9BCE1EBFE /* PresenceTests.swift */,
				47BECD0A2F1949088E23D990 /* SpeechRecognitionServiceTests.swift */,
				1FAF186111B6A31409657C63 /* VideoTests.swift */,
			);
			name = Unit;
			path = Tests/Unit;
			sourceTree = "<group>";
		};
		52A82F08451B9E6995504322 /* Products */ = {
			isa = PBXGroup;
			children = (
				08270619DFD37905061EE766 /* MobileCommander.app */,
				66698EA5021CF2CBBC9D7F4B /* MobileCommanderTests.xctest */,
				63BE85515FF2875CD683C1B8 /* MobileCommanderUITests.xctest */,
			);
			name = Products;
			sourceTree = "<group>";
		};
		7503FC2177954D49E8911AC0 /* Sources */ = {
			isa = PBXGroup;
			children = (
				A10107B769D14042A73A6E8C /* App */,
				FAF0A659E964DC2C563FFFE4 /* Design */,
				905F30F18F3C525D129C690E /* Helpers */,
				19B5A20AD83BB645C63D2EF8 /* Logic */,
				E4C5E4397FE4644B6570B2C7 /* Models */,
				8EF3E893A4C6117678C894BE /* Services */,
				F1279A3C60B781873ECCF006 /* Views */,
			);
			path = Sources;
			sourceTree = "<group>";
		};
		8EF3E893A4C6117678C894BE /* Services */ = {
			isa = PBXGroup;
			children = (
				A58536617D0385FF7734F176 /* AuthService.swift */,
				E98349D61D0B8C8F760113B0 /* ChatService.swift */,
				C95C64B09B0FD6CD4C822EFF /* FirestoreService.swift */,
				15AA9CFBB8A92904A0D4ECD5 /* NotificationService.swift */,
				A45E3CF0A7E56DC2F0EA1883 /* PresenceService.swift */,
				8103367E7990884E6FF58408 /* PushService.swift */,
				E71341C368CEADCCFE3A2310 /* SpeechRecognitionService.swift */,
				0D2C4E686452B36CB8FBDC68 /* SpeechService.swift */,
				8B28B14EB1F428977392AB46 /* SpeechVoiceTranscriber.swift */,
				646C45799112F5E05BBD5CAD /* StorageService.swift */,
				C174C727A828D616491518C1 /* VideoService.swift */,
				803F15849AA0AEB833140A96 /* VoiceTranscriber.swift */,
			);
			path = Services;
			sourceTree = "<group>";
		};
		905F30F18F3C525D129C690E /* Helpers */ = {
			isa = PBXGroup;
			children = (
				34F5E34EE965EDD7E40F7CC2 /* TaskTextHelper.swift */,
			);
			path = Helpers;
			sourceTree = "<group>";
		};
		A10107B769D14042A73A6E8C /* App */ = {
			isa = PBXGroup;
			children = (
				A27F1173FE1DD9EFD49A6E1C /* AppDelegate.swift */,
				EAD75F006B9819FDCB8065D7 /* AppMode.swift */,
				F5A960B6DBF40C36DF2CD5AC /* MobileCommanderApp.swift */,
				7D360CC57BCCE6F73C6611B6 /* TestConfig.swift */,
			);
			path = App;
			sourceTree = "<group>";
		};
		A9356B6C951B8ACE867C9CE7 /* Videos */ = {
			isa = PBXGroup;
			children = (
				3F2C9A69156DF26B53EDB1C6 /* ReelEditorView.swift */,
				1495690D41AED3DE18CFB6BB /* ReelPlayerView.swift */,
				6732BFF9392E87268330E337 /* VideoFeedView.swift */,
				2F1BC0414B9EC9FE047A8AE7 /* VideosView.swift */,
			);
			path = Videos;
			sourceTree = "<group>";
		};
		AC33F41020B68452FF5E82E0 = {
			isa = PBXGroup;
			children = (
				105199316A261F7818ABCA33 /* Resources */,
				7503FC2177954D49E8911AC0 /* Sources */,
				26D89FF1ED411F4AC381CFC2 /* UITests */,
				486A15184DED991E0B465DE0 /* Unit */,
				52A82F08451B9E6995504322 /* Products */,
			);
			sourceTree = "<group>";
		};
		DBA611D11FBD4AE0D8A1D972 /* Shared */ = {
			isa = PBXGroup;
			children = (
				86AF5412817C64A3A082A72D /* AvatarView.swift */,
				BE92C9AA042B981A92E1F41A /* LoginView.swift */,
				0F8C1BB0260751C7A0D5A5D1 /* ModeSwitcher.swift */,
				308A8B6DCACA137B7F76E423 /* NotificationBell.swift */,
				B33564207E7BD5526689ADD0 /* VoiceInputButton.swift */,
			);
			path = Shared;
			sourceTree = "<group>";
		};
		E4C5E4397FE4644B6570B2C7 /* Models */ = {
			isa = PBXGroup;
			children = (
				8982BA295B91E50C0E4F341C /* AllowedUser.swift */,
				4AA482E94E6FADF69052A2CB /* AppNotification.swift */,
				4C1980CB29E124CEDE94CF56 /* AssignedVideo.swift */,
				466B5533CDA618DAE87541EF /* Channel.swift */,
				04F5C36771C11A3914D8E066 /* PresenceModels.swift */,
				63F83E0B17B9ADE9231A7B26 /* Task.swift */,
				C838B1AA4508B05B974B7C30 /* UserAccount.swift */,
				62CE21C127D8B0CBA0629C76 /* Worker.swift */,
			);
			path = Models;
			sourceTree = "<group>";
		};
		F1279A3C60B781873ECCF006 /* Views */ = {
			isa = PBXGroup;
			children = (
				CEDCD4D7F25722D64FA527B0 /* RootTabView.swift */,
				3057CD5E730919CDE62E7B50 /* Chat */,
				1847F402583CAE8F4FE2564C /* Developer */,
				02574DA049E27D36569B5502 /* Owner */,
				DBA611D11FBD4AE0D8A1D972 /* Shared */,
				A9356B6C951B8ACE867C9CE7 /* Videos */,
			);
			path = Views;
			sourceTree = "<group>";
		};
		FAF0A659E964DC2C563FFFE4 /* Design */ = {
			isa = PBXGroup;
			children = (
				4C7F05FAE32EF64B4BC67C3F /* DesignSystem.swift */,
			);
			path = Design;
			sourceTree = "<group>";
		};
/* End PBXGroup section */

/* Begin PBXNativeTarget section */
		51610DCF6D4DF6855CAAEA93 /* MobileCommander */ = {
			isa = PBXNativeTarget;
			buildConfigurationList = 5B63F1B23D41F742E526CFA1 /* Build configuration list for PBXNativeTarget "MobileCommander" */;
			buildPhases = (
				AB020F2A07A412D36EF9C0A1 /* Sources */,
				E6B3F72C513F176487B323FC /* Resources */,
				E4807AD4EC45819E83BD3DB7 /* Frameworks */,
			);
			buildRules = (
			);
			dependencies = (
			);
			name = MobileCommander;
			packageProductDependencies = (
				7B6F4A6D359B044ED82C055A /* FirebaseAuth */,
				AB23456EB3674E91E5161D12 /* FirebaseFirestore */,
				5878561A43406C06A26413C2 /* FirebaseStorage */,
				DE1C398B11E83EAAAE087023 /* FirebaseMessaging */,
				43FE8E00FC6D343BA25B5A66 /* GoogleSignIn */,
				8AFC93A31577FAFF6225C9CA /* GoogleSignInSwift */,
			);
			productName = MobileCommander;
			productReference = 08270619DFD37905061EE766 /* MobileCommander.app */;
			productType = "com.apple.product-type.application";
		};
		D3B87E3B5FF9BF0E6DB6A14D /* MobileCommanderTests */ = {
			isa = PBXNativeTarget;
			buildConfigurationList = 60EA512A373A19E78B685980 /* Build configuration list for PBXNativeTarget "MobileCommanderTests" */;
			buildPhases = (
				C500E82A3C8B0A7C265A346D /* Sources */,
			);
			buildRules = (
			);
			dependencies = (
				529B3772CCDA67379EB72D90 /* PBXTargetDependency */,
			);
			name = MobileCommanderTests;
			packageProductDependencies = (
			);
			productName = MobileCommanderTests;
			productReference = 66698EA5021CF2CBBC9D7F4B /* MobileCommanderTests.xctest */;
			productType = "com.apple.product-type.bundle.unit-test";
		};
		EB3E1AF48A88996057866FD6 /* MobileCommanderUITests */ = {
			isa = PBXNativeTarget;
			buildConfigurationList = D5E5625BF8D7984332A9A1B6 /* Build configuration list for PBXNativeTarget "MobileCommanderUITests" */;
			buildPhases = (
				772D259178753336BDAB4AFE /* Sources */,
			);
			buildRules = (
			);
			dependencies = (
				C2EC49445AA98A77EE02A49A /* PBXTargetDependency */,
			);
			name = MobileCommanderUITests;
			packageProductDependencies = (
			);
			productName = MobileCommanderUITests;
			productReference = 63BE85515FF2875CD683C1B8 /* MobileCommanderUITests.xctest */;
			productType = "com.apple.product-type.bundle.ui-testing";
		};
/* End PBXNativeTarget section */

/* Begin PBXProject section */
		4B6059D814F1BFACA7E8D8C6 /* Project object */ = {
			isa = PBXProject;
			attributes = {
				BuildIndependentTargetsInParallel = YES;
				LastUpgradeCheck = 1500;
				TargetAttributes = {
					51610DCF6D4DF6855CAAEA93 = {
						DevelopmentTeam = 9SCSBH976W;
						ProvisioningStyle = Automatic;
					};
					EB3E1AF48A88996057866FD6 = {
						TestTargetID = 51610DCF6D4DF6855CAAEA93;
					};
				};
			};
			buildConfigurationList = 0269956C9B14A4A4218DE649 /* Build configuration list for PBXProject "MobileCommander" */;
			developmentRegion = en;
			hasScannedForEncodings = 0;
			knownRegions = (
				Base,
				en,
			);
			mainGroup = AC33F41020B68452FF5E82E0;
			minimizedProjectReferenceProxies = 1;
			packageReferences = (
				D86A13006DDC64AE92C09776 /* XCRemoteSwiftPackageReference "firebase-ios-sdk" */,
				C60525B86D7191C95305478D /* XCRemoteSwiftPackageReference "GoogleSignIn-iOS" */,
			);
			preferredProjectObjectVersion = 77;
			productRefGroup = 52A82F08451B9E6995504322 /* Products */;
			projectDirPath = "";
			projectRoot = "";
			targets = (
				51610DCF6D4DF6855CAAEA93 /* MobileCommander */,
				D3B87E3B5FF9BF0E6DB6A14D /* MobileCommanderTests */,
				EB3E1AF48A88996057866FD6 /* MobileCommanderUITests */,
			);
		};
/* End PBXProject section */

/* Begin PBXResourcesBuildPhase section */
		E6B3F72C513F176487B323FC /* Resources */ = {
			isa = PBXResourcesBuildPhase;
			buildActionMask = 2147483647;
			files = (
				92E7E5426B90EC57DAE44185 /* Assets.xcassets in Resources */,
				FE0130D64E517F2B2734E9EB /* GoogleService-Info.plist in Resources */,
			);
			runOnlyForDeploymentPostprocessing = 0;
		};
/* End PBXResourcesBuildPhase section */

/* Begin PBXSourcesBuildPhase section */
		772D259178753336BDAB4AFE /* Sources */ = {
			isa = PBXSourcesBuildPhase;
			buildActionMask = 2147483647;
			files = (
				E1806821C268311FAFF3124C /* ChatUITests.swift in Sources */,
				C2B3D80FCF26ACD2E0BFEF4C /* SignInUITests.swift in Sources */,
				9ABBF7D5D8C07B543B85EF43 /* VideosUITests.swift in Sources */,
			);
			runOnlyForDeploymentPostprocessing = 0;
		};
		AB020F2A07A412D36EF9C0A1 /* Sources */ = {
			isa = PBXSourcesBuildPhase;
			buildActionMask = 2147483647;
			files = (
				C768436FF97FFD66D70777BD /* Access.swift in Sources */,
				490D582889EA0138F34E4F65 /* AllowedUser.swift in Sources */,
				992AB213B3022EC68E063BF3 /* AppDelegate.swift in Sources */,
				A7AE114261AC579849910ABA /* AppMode.swift in Sources */,
				18A0C0CE5BB242A2D7DA97E7 /* AppNotification.swift in Sources */,
				1EC4433454BFBD929049B1E2 /* AskEmmaView.swift in Sources */,
				5820C8F8D4C136B9CF50F3DA /* AssignedVideo.swift in Sources */,
				1E54B0C78BED35091B856A97 /* AuthService.swift in Sources */,
				AC338A155DA6CD06577564C0 /* AvatarView.swift in Sources */,
				0EFE0C9CD038035DBDD9A9B3 /* Channel.swift in Sources */,
				34CEEF85C905BD9D3811CD14 /* ChatComposerView.swift in Sources */,
				07BCA8C89CC625096BFEDA13 /* ChatPagination.swift in Sources */,
				A280FFBA652EC89B12FD479E /* ChatService.swift in Sources */,
				0851E0DF548219FC5AA85EAF /* ChatView.swift in Sources */,
				877B131ABEF7155DBA05F064 /* CreateTaskView.swift in Sources */,
				648FF4F950395D8709CEBCF3 /* DashboardView.swift in Sources */,
				95A43C9BC9C29C67DCEEFC92 /* DesignSystem.swift in Sources */,
				478CB0FCB2E4A8A8F73EFB80 /* DeveloperTabView.swift in Sources */,
				16D43CB1B0A61BA5273A0289 /* FirestoreService.swift in Sources */,
				CFFA2D2A747B361AC38BFC3D /* LoginView.swift in Sources */,
				7F2F4B9D5E5F69463159D171 /* MentionAutocompleteView.swift in Sources */,
				2D7797AE2372091D94CD291D /* MessageBubbleView.swift in Sources */,
				123514F1AF59D2FF7DE8450F /* MicButton.swift in Sources */,
				2E4A9B3A0875BB52D76782B9 /* MobileCommanderApp.swift in Sources */,
				BC7B9953744ED97CE82C0C7A /* ModeSwitcher.swift in Sources */,
				851552C32CFDB516DD46F9AE /* NewChannelSheet.swift in Sources */,
				E461BE853D381D6D399CECA4 /* NotificationBell.swift in Sources */,
				3FB85740FDF0FC17744833D0 /* NotificationService.swift in Sources */,
				9848556BEA38192F59464B70 /* OwnerHomeView.swift in Sources */,
				68A6DC81E2933D7B9A46CF17 /* OwnerRequestView.swift in Sources */,
				EBD1458C57972C41EDC9D86D /* OwnerStatusView.swift in Sources */,
				1CAF88F53D8E141A28DE0857 /* OwnerTabView.swift in Sources */,
				168179FD3504BFE01EF96F9B /* Presence.swift in Sources */,
				8240B000A65C4EE70F9A0C2C /* PresenceModels.swift in Sources */,
				A8A9205635E65FA97651054C /* PresenceService.swift in Sources */,
				DB4363148D3900EEFAA0DB0C /* ProjectDetailView.swift in Sources */,
				EE979AD760821BB595699544 /* PushService.swift in Sources */,
				10757CE95A58C7C35FDA6122 /* ReelEditorView.swift in Sources */,
				DE0AFC288E9246EF3552E999 /* ReelPlayerView.swift in Sources */,
				72271861525F951AD3D8C20F /* ReportsView.swift in Sources */,
				F9287FCD5AE0101B70AC6399 /* RootTabView.swift in Sources */,
				6AB5AF09F880BCC9343D7CE4 /* SettingsView.swift in Sources */,
				7E5CD74CBE0AD9B172CD5FD2 /* SpeechRecognitionService.swift in Sources */,
				E311EE63FFA165E548EDBBEC /* SpeechService.swift in Sources */,
				98FAD93EA42D780ACC35C84F /* SpeechVoiceTranscriber.swift in Sources */,
				EF07F307F2AF847A1FF687D5 /* StorageService.swift in Sources */,
				F7FEE266AFA86EF39D63B6EA /* Task.swift in Sources */,
				6A2CA38420C310E87557F56E /* TaskDetailView.swift in Sources */,
				6511EAE2670DE68090EE4139 /* TaskListView.swift in Sources */,
				86D7DD4EF91EB406122FDDBF /* TaskTextHelper.swift in Sources */,
				9674E937D3D672236E905B81 /* TestConfig.swift in Sources */,
				6C3AE16C094D5C84D6857E0D /* UserAccount.swift in Sources */,
				84E4E606CB3C105C4B86C19F /* VideoFeedView.swift in Sources */,
				78C2BC4D0CFCEC5C8D85F09E /* VideoService.swift in Sources */,
				592A0C66C8E5D40D7F69F332 /* VideosView.swift in Sources */,
				3F39F5EBF1759B2D1D74C1DF /* VoiceInputButton.swift in Sources */,
				333BCB1C27CB5937DDFB3553 /* VoiceTranscriber.swift in Sources */,
				30B6BF012D8D0EB6C9EDA113 /* Worker.swift in Sources */,
				9C6FD92F6ABFDA4FBF5DBFA8 /* WorkersView.swift in Sources */,
			);
			runOnlyForDeploymentPostprocessing = 0;
		};
		C500E82A3C8B0A7C265A346D /* Sources */ = {
			isa = PBXSourcesBuildPhase;
			buildActionMask = 2147483647;
			files = (
				FC6D7DEBCAFD222E20926F17 /* AccessTests.swift in Sources */,
				F6907302C350BADEA264CD61 /* ChatPaginationTests.swift in Sources */,
				55E914A66D86384710B7EE1A /* PresenceTests.swift in Sources */,
				479C3D1C385DAC5E2310A135 /* SpeechRecognitionServiceTests.swift in Sources */,
				AC2D84777B6497814F7E5242 /* VideoTests.swift in Sources */,
			);
			runOnlyForDeploymentPostprocessing = 0;
		};
/* End PBXSourcesBuildPhase section */

/* Begin PBXTargetDependency section */
		529B3772CCDA67379EB72D90 /* PBXTargetDependency */ = {
			isa = PBXTargetDependency;
			target = 51610DCF6D4DF6855CAAEA93 /* MobileCommander */;
			targetProxy = 4EC0F1471EDFD45D6C786CC3 /* PBXContainerItemProxy */;
		};
		C2EC49445AA98A77EE02A49A /* PBXTargetDependency */ = {
			isa = PBXTargetDependency;
			target = 51610DCF6D4DF6855CAAEA93 /* MobileCommander */;
			targetProxy = 4CBC38FC4C5E57EF83263531 /* PBXContainerItemProxy */;
		};
/* End PBXTargetDependency section */

/* Begin XCBuildConfiguration section */
		10D9F21167BA519288F8C0CB /* Debug */ = {
			isa = XCBuildConfiguration;
			buildSettings = {
				ASSETCATALOG_COMPILER_APPICON_NAME = AppIcon;
				CODE_SIGN_ENTITLEMENTS = Resources/MobileCommander.entitlements;
				CODE_SIGN_IDENTITY = "iPhone Developer";
				CODE_SIGN_STYLE = Automatic;
				CURRENT_PROJECT_VERSION = 20260709.5;
				DEVELOPMENT_TEAM = 9SCSBH976W;
				INFOPLIST_FILE = Resources/Info.plist;
				LD_RUNPATH_SEARCH_PATHS = (
					"$(inherited)",
					"@executable_path/Frameworks",
				);
				MARKETING_VERSION = 1.0.0;
				PRODUCT_BUNDLE_IDENTIFIER = ai.palmr.emma;
				SDKROOT = iphoneos;
				SWIFT_VERSION = 5.9;
				TARGETED_DEVICE_FAMILY = "1,2";
			};
			name = Debug;
		};
		262002E4B9C044BA25045C92 /* Release */ = {
			isa = XCBuildConfiguration;
			buildSettings = {
				BUNDLE_LOADER = "$(TEST_HOST)";
				GENERATE_INFOPLIST_FILE = YES;
				LD_RUNPATH_SEARCH_PATHS = (
					"$(inherited)",
					"@executable_path/Frameworks",
					"@loader_path/Frameworks",
				);
				PRODUCT_BUNDLE_IDENTIFIER = ai.palmr.emma.uitests;
				SDKROOT = iphoneos;
				SWIFT_VERSION = 5.9;
				TARGETED_DEVICE_FAMILY = "1,2";
				TEST_TARGET_NAME = MobileCommander;
			};
			name = Release;
		};
		61C014414B54BBD6A1959BB2 /* Debug */ = {
			isa = XCBuildConfiguration;
			buildSettings = {
				BUNDLE_LOADER = "$(TEST_HOST)";
				GENERATE_INFOPLIST_FILE = YES;
				LD_RUNPATH_SEARCH_PATHS = (
					"$(inherited)",
					"@executable_path/Frameworks",
					"@loader_path/Frameworks",
				);
				PRODUCT_BUNDLE_IDENTIFIER = ai.palmr.emma.tests;
				SDKROOT = iphoneos;
				SWIFT_VERSION = 5.9;
				TARGETED_DEVICE_FAMILY = "1,2";
				TEST_HOST = "$(BUILT_PRODUCTS_DIR)/MobileCommander.app/MobileCommander";
			};
			name = Debug;
		};
		7905EEA2893726D6EB87D22F /* Release */ = {
			isa = XCBuildConfiguration;
			buildSettings = {
				ALWAYS_SEARCH_USER_PATHS = NO;
				CLANG_ANALYZER_NONNULL = YES;
				CLANG_ANALYZER_NUMBER_OBJECT_CONVERSION = YES_AGGRESSIVE;
				CLANG_CXX_LANGUAGE_STANDARD = "gnu++14";
				CLANG_CXX_LIBRARY = "libc++";
				CLANG_ENABLE_MODULES = YES;
				CLANG_ENABLE_OBJC_ARC = YES;
				CLANG_ENABLE_OBJC_WEAK = YES;
				CLANG_WARN_BLOCK_CAPTURE_AUTORELEASING = YES;
				CLANG_WARN_BOOL_CONVERSION = YES;
				CLANG_WARN_COMMA = YES;
				CLANG_WARN_CONSTANT_CONVERSION = YES;
				CLANG_WARN_DEPRECATED_OBJC_IMPLEMENTATIONS = YES;
				CLANG_WARN_DIRECT_OBJC_ISA_USAGE = YES_ERROR;
				CLANG_WARN_DOCUMENTATION_COMMENTS = YES;
				CLANG_WARN_EMPTY_BODY = YES;
				CLANG_WARN_ENUM_CONVERSION = YES;
				CLANG_WARN_INFINITE_RECURSION = YES;
				CLANG_WARN_INT_CONVERSION = YES;
				CLANG_WARN_NON_LITERAL_NULL_CONVERSION = YES;
				CLANG_WARN_OBJC_IMPLICIT_RETAIN_SELF = YES;
				CLANG_WARN_OBJC_LITERAL_CONVERSION = YES;
				CLANG_WARN_OBJC_ROOT_CLASS = YES_ERROR;
				CLANG_WARN_QUOTED_INCLUDE_IN_FRAMEWORK_HEADER = YES;
				CLANG_WARN_RANGE_LOOP_ANALYSIS = YES;
				CLANG_WARN_STRICT_PROTOTYPES = YES;
				CLANG_WARN_SUSPICIOUS_MOVE = YES;
				CLANG_WARN_UNGUARDED_AVAILABILITY = YES_AGGRESSIVE;
				CLANG_WARN_UNREACHABLE_CODE = YES;
				CLANG_WARN__DUPLICATE_METHOD_MATCH = YES;
				COPY_PHASE_STRIP = NO;
				DEBUG_INFORMATION_FORMAT = "dwarf-with-dsym";
				ENABLE_NS_ASSERTIONS = NO;
				ENABLE_STRICT_OBJC_MSGSEND = YES;
				GCC_C_LANGUAGE_STANDARD = gnu11;
				GCC_NO_COMMON_BLOCKS = YES;
				GCC_WARN_64_TO_32_BIT_CONVERSION = YES;
				GCC_WARN_ABOUT_RETURN_TYPE = YES_ERROR;
				GCC_WARN_UNDECLARED_SELECTOR = YES;
				GCC_WARN_UNINITIALIZED_AUTOS = YES_AGGRESSIVE;
				GCC_WARN_UNUSED_FUNCTION = YES;
				GCC_WARN_UNUSED_VARIABLE = YES;
				IPHONEOS_DEPLOYMENT_TARGET = 17.0;
				MTL_ENABLE_DEBUG_INFO = NO;
				MTL_FAST_MATH = YES;
				PRODUCT_NAME = "$(TARGET_NAME)";
				SDKROOT = iphoneos;
				SWIFT_COMPILATION_MODE = wholemodule;
				SWIFT_OPTIMIZATION_LEVEL = "-O";
				SWIFT_VERSION = 5.0;
			};
			name = Release;
		};
		A7021C57F611B9DFE825AE5A /* Debug */ = {
			isa = XCBuildConfiguration;
			buildSettings = {
				ALWAYS_SEARCH_USER_PATHS = NO;
				CLANG_ANALYZER_NONNULL = YES;
				CLANG_ANALYZER_NUMBER_OBJECT_CONVERSION = YES_AGGRESSIVE;
				CLANG_CXX_LANGUAGE_STANDARD = "gnu++14";
				CLANG_CXX_LIBRARY = "libc++";
				CLANG_ENABLE_MODULES = YES;
				CLANG_ENABLE_OBJC_ARC = YES;
				CLANG_ENABLE_OBJC_WEAK = YES;
				CLANG_WARN_BLOCK_CAPTURE_AUTORELEASING = YES;
				CLANG_WARN_BOOL_CONVERSION = YES;
				CLANG_WARN_COMMA = YES;
				CLANG_WARN_CONSTANT_CONVERSION = YES;
				CLANG_WARN_DEPRECATED_OBJC_IMPLEMENTATIONS = YES;
				CLANG_WARN_DIRECT_OBJC_ISA_USAGE = YES_ERROR;
				CLANG_WARN_DOCUMENTATION_COMMENTS = YES;
				CLANG_WARN_EMPTY_BODY = YES;
				CLANG_WARN_ENUM_CONVERSION = YES;
				CLANG_WARN_INFINITE_RECURSION = YES;
				CLANG_WARN_INT_CONVERSION = YES;
				CLANG_WARN_NON_LITERAL_NULL_CONVERSION = YES;
				CLANG_WARN_OBJC_IMPLICIT_RETAIN_SELF = YES;
				CLANG_WARN_OBJC_LITERAL_CONVERSION = YES;
				CLANG_WARN_OBJC_ROOT_CLASS = YES_ERROR;
				CLANG_WARN_QUOTED_INCLUDE_IN_FRAMEWORK_HEADER = YES;
				CLANG_WARN_RANGE_LOOP_ANALYSIS = YES;
				CLANG_WARN_STRICT_PROTOTYPES = YES;
				CLANG_WARN_SUSPICIOUS_MOVE = YES;
				CLANG_WARN_UNGUARDED_AVAILABILITY = YES_AGGRESSIVE;
				CLANG_WARN_UNREACHABLE_CODE = YES;
				CLANG_WARN__DUPLICATE_METHOD_MATCH = YES;
				COPY_PHASE_STRIP = NO;
				DEBUG_INFORMATION_FORMAT = dwarf;
				ENABLE_STRICT_OBJC_MSGSEND = YES;
				ENABLE_TESTABILITY = YES;
				GCC_C_LANGUAGE_STANDARD = gnu11;
				GCC_DYNAMIC_NO_PIC = NO;
				GCC_NO_COMMON_BLOCKS = YES;
				GCC_OPTIMIZATION_LEVEL = 0;
				GCC_PREPROCESSOR_DEFINITIONS = (
					"$(inherited)",
					"DEBUG=1",
				);
				GCC_WARN_64_TO_32_BIT_CONVERSION = YES;
				GCC_WARN_ABOUT_RETURN_TYPE = YES_ERROR;
				GCC_WARN_UNDECLARED_SELECTOR = YES;
				GCC_WARN_UNINITIALIZED_AUTOS = YES_AGGRESSIVE;
				GCC_WARN_UNUSED_FUNCTION = YES;
				GCC_WARN_UNUSED_VARIABLE = YES;
				IPHONEOS_DEPLOYMENT_TARGET = 17.0;
				MTL_ENABLE_DEBUG_INFO = INCLUDE_SOURCE;
				MTL_FAST_MATH = YES;
				ONLY_ACTIVE_ARCH = YES;
				PRODUCT_NAME = "$(TARGET_NAME)";
				SDKROOT = iphoneos;
				SWIFT_ACTIVE_COMPILATION_CONDITIONS = DEBUG;
				SWIFT_OPTIMIZATION_LEVEL = "-Onone";
				SWIFT_VERSION = 5.0;
			};
			name = Debug;
		};
		CA4CB45E3DB4C7420D39FC43 /* Release */ = {
			isa = XCBuildConfiguration;
			buildSettings = {
				ASSETCATALOG_COMPILER_APPICON_NAME = AppIcon;
				CODE_SIGN_ENTITLEMENTS = Resources/MobileCommander.entitlements;
				CODE_SIGN_IDENTITY = "iPhone Developer";
				CODE_SIGN_STYLE = Automatic;
				CURRENT_PROJECT_VERSION = 20260709.5;
				DEVELOPMENT_TEAM = 9SCSBH976W;
				INFOPLIST_FILE = Resources/Info.plist;
				LD_RUNPATH_SEARCH_PATHS = (
					"$(inherited)",
					"@executable_path/Frameworks",
				);
				MARKETING_VERSION = 1.0.0;
				PRODUCT_BUNDLE_IDENTIFIER = ai.palmr.emma;
				SDKROOT = iphoneos;
				SWIFT_VERSION = 5.9;
				TARGETED_DEVICE_FAMILY = "1,2";
			};
			name = Release;
		};
		F3D03D460F0780BEA95D40F7 /* Debug */ = {
			isa = XCBuildConfiguration;
			buildSettings = {
				BUNDLE_LOADER = "$(TEST_HOST)";
				GENERATE_INFOPLIST_FILE = YES;
				LD_RUNPATH_SEARCH_PATHS = (
					"$(inherited)",
					"@executable_path/Frameworks",
					"@loader_path/Frameworks",
				);
				PRODUCT_BUNDLE_IDENTIFIER = ai.palmr.emma.uitests;
				SDKROOT = iphoneos;
				SWIFT_VERSION = 5.9;
				TARGETED_DEVICE_FAMILY = "1,2";
				TEST_TARGET_NAME = MobileCommander;
			};
			name = Debug;
		};
		FC5409639D816146325C0257 /* Release */ = {
			isa = XCBuildConfiguration;
			buildSettings = {
				BUNDLE_LOADER = "$(TEST_HOST)";
				GENERATE_INFOPLIST_FILE = YES;
				LD_RUNPATH_SEARCH_PATHS = (
					"$(inherited)",
					"@executable_path/Frameworks",
					"@loader_path/Frameworks",
				);
				PRODUCT_BUNDLE_IDENTIFIER = ai.palmr.emma.tests;
				SDKROOT = iphoneos;
				SWIFT_VERSION = 5.9;
				TARGETED_DEVICE_FAMILY = "1,2";
				TEST_HOST = "$(BUILT_PRODUCTS_DIR)/MobileCommander.app/MobileCommander";
			};
			name = Release;
		};
/* End XCBuildConfiguration section */

/* Begin XCConfigurationList section */
		0269956C9B14A4A4218DE649 /* Build configuration list for PBXProject "MobileCommander" */ = {
			isa = XCConfigurationList;
			buildConfigurations = (
				A7021C57F611B9DFE825AE5A /* Debug */,
				7905EEA2893726D6EB87D22F /* Release */,
			);
			defaultConfigurationIsVisible = 0;
			defaultConfigurationName = Debug;
		};
		5B63F1B23D41F742E526CFA1 /* Build configuration list for PBXNativeTarget "MobileCommander" */ = {
			isa = XCConfigurationList;
			buildConfigurations = (
				10D9F21167BA519288F8C0CB /* Debug */,
				CA4CB45E3DB4C7420D39FC43 /* Release */,
			);
			defaultConfigurationIsVisible = 0;
			defaultConfigurationName = Debug;
		};
		60EA512A373A19E78B685980 /* Build configuration list for PBXNativeTarget "MobileCommanderTests" */ = {
			isa = XCConfigurationList;
			buildConfigurations = (
				61C014414B54BBD6A1959BB2 /* Debug */,
				FC5409639D816146325C0257 /* Release */,
			);
			defaultConfigurationIsVisible = 0;
			defaultConfigurationName = Debug;
		};
		D5E5625BF8D7984332A9A1B6 /* Build configuration list for PBXNativeTarget "MobileCommanderUITests" */ = {
			isa = XCConfigurationList;
			buildConfigurations = (
				F3D03D460F0780BEA95D40F7 /* Debug */,
				262002E4B9C044BA25045C92 /* Release */,
			);
			defaultConfigurationIsVisible = 0;
			defaultConfigurationName = Debug;
		};
/* End XCConfigurationList section */

/* Begin XCRemoteSwiftPackageReference section */
		C60525B86D7191C95305478D /* XCRemoteSwiftPackageReference "GoogleSignIn-iOS" */ = {
			isa = XCRemoteSwiftPackageReference;
			repositoryURL = "https://github.com/google/GoogleSignIn-iOS.git";
			requirement = {
				kind = upToNextMajorVersion;
				minimumVersion = 7.1.0;
			};
		};
		D86A13006DDC64AE92C09776 /* XCRemoteSwiftPackageReference "firebase-ios-sdk" */ = {
			isa = XCRemoteSwiftPackageReference;
			repositoryURL = "https://github.com/firebase/firebase-ios-sdk.git";
			requirement = {
				kind = upToNextMajorVersion;
				minimumVersion = 11.0.0;
			};
		};
/* End XCRemoteSwiftPackageReference section */

/* Begin XCSwiftPackageProductDependency section */
		43FE8E00FC6D343BA25B5A66 /* GoogleSignIn */ = {
			isa = XCSwiftPackageProductDependency;
			package = C60525B86D7191C95305478D /* XCRemoteSwiftPackageReference "GoogleSignIn-iOS" */;
			productName = GoogleSignIn;
		};
		5878561A43406C06A26413C2 /* FirebaseStorage */ = {
			isa = XCSwiftPackageProductDependency;
			package = D86A13006DDC64AE92C09776 /* XCRemoteSwiftPackageReference "firebase-ios-sdk" */;
			productName = FirebaseStorage;
		};
		7B6F4A6D359B044ED82C055A /* FirebaseAuth */ = {
			isa = XCSwiftPackageProductDependency;
			package = D86A13006DDC64AE92C09776 /* XCRemoteSwiftPackageReference "firebase-ios-sdk" */;
			productName = FirebaseAuth;
		};
		8AFC93A31577FAFF6225C9CA /* GoogleSignInSwift */ = {
			isa = XCSwiftPackageProductDependency;
			package = C60525B86D7191C95305478D /* XCRemoteSwiftPackageReference "GoogleSignIn-iOS" */;
			productName = GoogleSignInSwift;
		};
		AB23456EB3674E91E5161D12 /* FirebaseFirestore */ = {
			isa = XCSwiftPackageProductDependency;
			package = D86A13006DDC64AE92C09776 /* XCRemoteSwiftPackageReference "firebase-ios-sdk" */;
			productName = FirebaseFirestore;
		};
		DE1C398B11E83EAAAE087023 /* FirebaseMessaging */ = {
			isa = XCSwiftPackageProductDependency;
			package = D86A13006DDC64AE92C09776 /* XCRemoteSwiftPackageReference "firebase-ios-sdk" */;
			productName = FirebaseMessaging;
		};
/* End XCSwiftPackageProductDependency section */
	};
	rootObject = 4B6059D814F1BFACA7E8D8C6 /* Project object */;
}
